{
  "name": "@zetapush/example-worker-api",
  "requires": true,
  "lockfileVersion": 1,
  "dependencies": {
    "@types/node": {
      "version": "10.12.9",
      "resolved": "https://registry.npmjs.org/@types/node/-/node-10.12.9.tgz",
      "integrity": "sha512-eajkMXG812/w3w4a1OcBlaTwsFPO5F7fJ/amy+tieQxEMWBlbV1JGSjkFM+zkHNf81Cad+dfIRA+IBkvmvdAeA=="
    },
    "@zetapush/core": {
      "version": "0.35.5",
      "resolved": "https://registry.npmjs.org/@zetapush/core/-/core-0.35.5.tgz",
      "integrity": "sha512-bOScmWQZGwtxJCgFve/N2mVhb6roUI8SDRXabejPVvzQGnqFKwm1X0Zu1p3wyeiMfzjYsTZRkE4yBMOaZbuCWw==",
      "requires": {
        "injection-js": "2.2.1",
        "reflect-metadata": "0.1.12"
      }
    },
    "@zetapush/platform-legacy": {
      "version": "0.35.5",
      "resolved": "https://registry.npmjs.org/@zetapush/platform-legacy/-/platform-legacy-0.35.5.tgz",
      "integrity": "sha512-Y48vB1BEgtuf3jkjq9YJIelwoPv+XGXRR81oDazXgilpFMVHAZLSe+UREESckpcCDvOIvFx4uBXnsrLkKu6pjg=="
    },
    "injection-js": {
      "version": "2.2.1",
      "resolved": "https://registry.npmjs.org/injection-js/-/injection-js-2.2.1.tgz",
      "integrity": "sha512-zHI+E+dM0PXix5FFTO1Y4/UOyAzE7zG1l/QwAn4jchTThOoBq+UYRFK4AVG7lQgFL+go62SbrzSsjXy9DFEZUg=="
    },
    "reflect-metadata": {
      "version": "0.1.12",
      "resolved": "https://registry.npmjs.org/reflect-metadata/-/reflect-metadata-0.1.12.tgz",
      "integrity": "sha512-n+IyV+nGz3+0q3/Yf1ra12KpCyi001bi4XFxSjbiWWjfqb52iTTtpGXmCCAOWWIAn9KEuFZKGqBERHmrtScZ3A=="
    },
    "typescript": {
      "version": "3.1.6",
      "resolved": "https://registry.npmjs.org/typescript/-/typescript-3.1.6.tgz",
      "integrity": "sha512-tDMYfVtvpb96msS1lDX9MEdHrW4yOuZ4Kdc4Him9oU796XldPYF/t2+uKoX0BBa0hXXwDlqYQbXY5Rzjzc5hBA=="
    }
  }
}
