{
	"requires": true,
	"lockfileVersion": 1,
	"dependencies": {
		"agent-base": {
			"version": "4.2.1",
			"resolved": "https://registry.npmjs.org/agent-base/-/agent-base-4.2.1.tgz",
			"integrity": "sha512-JVwXMr9nHYTUXsBFKUqhJwvlcYU/blreOEUkhNR2eXZIvwd+c+o5V4MgDPKWnMS/56awN3TRzIP+KoPn+roQtg==",
			"requires": {
				"es6-promisify": "^5.0.0"
			}
		},
		"async-limiter": {
			"version": "1.0.0",
			"resolved": "https://registry.npmjs.org/async-limiter/-/async-limiter-1.0.0.tgz",
			"integrity": "sha512-jp/uFnooOiO+L211eZOoSyzpOITMXx1rBITauYykG3BRYPu8h0UcxsPNB04RR5vo4Tyz3+ay17tR6JVf9qzYWg=="
		},
		"debug": {
			"version": "3.1.0",
			"resolved": "https://registry.npmjs.org/debug/-/debug-3.1.0.tgz",
			"integrity": "sha512-OX8XqP7/1a9cqkxYw2yXss15f26NKWBpDXQd0/uK/KPqdQhxbPa994hnzjcE2VqQpDslf55723cKPUOGSmMY3g==",
			"requires": {
				"ms": "2.0.0"
			}
		},
		"es6-promise": {
			"version": "4.2.4",
			"resolved": "https://registry.npmjs.org/es6-promise/-/es6-promise-4.2.4.tgz",
			"integrity": "sha512-/NdNZVJg+uZgtm9eS3O6lrOLYmQag2DjdEXuPaHlZ6RuVqgqaVZfgYCepEIKsLqwdQArOPtC3XzRLqGGfT8KQQ=="
		},
		"es6-promisify": {
			"version": "5.0.0",
			"resolved": "https://registry.npmjs.org/es6-promisify/-/es6-promisify-5.0.0.tgz",
			"integrity": "sha1-UQnWLz5W6pZ8S2NQWu8IKRyKUgM=",
			"requires": {
				"es6-promise": "^4.0.3"
			}
		},
		"https-proxy-agent": {
			"version": "2.2.1",
			"resolved": "https://registry.npmjs.org/https-proxy-agent/-/https-proxy-agent-2.2.1.tgz",
			"integrity": "sha512-HPCTS1LW51bcyMYbxUIOO4HEOlQ1/1qRaFWcyxvwaqUS9TY88aoEuHUY33kuAh1YhVVaDQhLZsnPd+XNARWZlQ==",
			"requires": {
				"agent-base": "^4.1.0",
				"debug": "^3.1.0"
			}
		},
		"ms": {
			"version": "2.0.0",
			"resolved": "https://registry.npmjs.org/ms/-/ms-2.0.0.tgz",
			"integrity": "sha1-VgiurfwAvmwpAd9fmGF4jeDVl8g="
		},
		"node-fetch": {
			"version": "2.2.0",
			"resolved": "https://registry.npmjs.org/node-fetch/-/node-fetch-2.2.0.tgz",
			"integrity": "sha512-OayFWziIxiHY8bCUyLX6sTpDH8Jsbp4FfYd1j1f7vZyfgkcOnAyM4oQR16f8a0s7Gl/viMGRey8eScYk4V4EZA=="
		},
		"ws": {
			"version": "5.2.2",
			"resolved": "https://registry.npmjs.org/ws/-/ws-5.2.2.tgz",
			"integrity": "sha512-jaHFD6PFv6UgoIVda6qZllptQsMlDEJkTQcybzzXDYM1XO9Y8em691FGMPmM46WGyLU4z9KMgQN+qrux/nhlHA==",
			"requires": {
				"async-limiter": "~1.0.0"
			}
		}
	}
}
